
Microsoft Visual Studio Solution File, Format Version 12.00
# Visual Studio Version 17
Project("{8BC9CEB8-8B4A-11D0-8D11-00A0C91BC942}") = "BackupEngine", "BackupEngine\BackupEngine.vcxproj", "{B1822010-9DE5-AFB4-466B-E86A32AD7B37}"
EndProject
Project("{8BC9CEB8-8B4A-11D0-8D11-00A0C91BC942}") = "CoreStuff", "CoreStuff\CoreStuff.vcxproj", "{F60D6118-6278-158F-ABB6-C6341760F3E3}"
EndProject
Project("{2150E333-8FDC-42A3-9474-1A3956D46DE8}") = "Dependencies", "Dependencies", "{53E47842-3FC8-3998-A828-34EB942B241A}"
EndProject
Project("{8BC9CEB8-8B4A-11D0-8D11-00A0C91BC942}") = "Glad", "Depend\Glad\Glad.vcxproj", "{BDD6857C-A90D-870D-52FA-6C103E10030F}"
EndProject
Project("{8BC9CEB8-8B4A-11D0-8D11-00A0C91BC942}") = "ImGui", "Depend\Imgui\ImGui.vcxproj", "{C0FF640D-2C14-8DBE-F595-301E616989EF}"
EndProject
Project("{8BC9CEB8-8B4A-11D0-8D11-00A0C91BC942}") = "LowLevelStuff", "LowLevelStuff\LowLevelStuff.vcxitems", "{B7592AA4-231A-A6DA-EC54-EF5758D4EAB6}"
EndProject
Project("{8BC9CEB8-8B4A-11D0-8D11-00A0C91BC942}") = "MathLib", "MathLib\MathLib.vcxproj", "{86BBB515-F29A-34B1-FBB2-BF8767119B12}"
EndProject
Global
	GlobalSection(SharedMSBuildProjectFiles) = preSolution
	LowLevelStuff\LowLevelStuff.vcxitems*{b1822010-9de5-afb4-466b-e86a32ad7b37}*SharedItemsImports = 4
	LowLevelStuff\LowLevelStuff.vcxitems*{b7592aa4-231a-a6da-ec54-ef5758d4eab6}*SharedItemsImports = 9
	EndGlobalSection
	GlobalSection(SolutionConfigurationPlatforms) = preSolution
		Debug|x64 = Debug|x64
		Dist|x64 = Dist|x64
		Release|x64 = Release|x64
	EndGlobalSection
	GlobalSection(ProjectConfigurationPlatforms) = postSolution
		{B1822010-9DE5-AFB4-466B-E86A32AD7B37}.Debug|x64.ActiveCfg = Debug|x64
		{B1822010-9DE5-AFB4-466B-E86A32AD7B37}.Debug|x64.Build.0 = Debug|x64
		{B1822010-9DE5-AFB4-466B-E86A32AD7B37}.Dist|x64.ActiveCfg = Dist|x64
		{B1822010-9DE5-AFB4-466B-E86A32AD7B37}.Dist|x64.Build.0 = Dist|x64
		{B1822010-9DE5-AFB4-466B-E86A32AD7B37}.Release|x64.ActiveCfg = Release|x64
		{B1822010-9DE5-AFB4-466B-E86A32AD7B37}.Release|x64.Build.0 = Release|x64
		{F60D6118-6278-158F-ABB6-C6341760F3E3}.Debug|x64.ActiveCfg = Debug|x64
		{F60D6118-6278-158F-ABB6-C6341760F3E3}.Debug|x64.Build.0 = Debug|x64
		{F60D6118-6278-158F-ABB6-C6341760F3E3}.Dist|x64.ActiveCfg = Dist|x64
		{F60D6118-6278-158F-ABB6-C6341760F3E3}.Dist|x64.Build.0 = Dist|x64
		{F60D6118-6278-158F-ABB6-C6341760F3E3}.Release|x64.ActiveCfg = Release|x64
		{F60D6118-6278-158F-ABB6-C6341760F3E3}.Release|x64.Build.0 = Release|x64
		{BDD6857C-A90D-870D-52FA-6C103E10030F}.Debug|x64.ActiveCfg = Debug|x64
		{BDD6857C-A90D-870D-52FA-6C103E10030F}.Debug|x64.Build.0 = Debug|x64
		{BDD6857C-A90D-870D-52FA-6C103E10030F}.Dist|x64.ActiveCfg = Dist|x64
		{BDD6857C-A90D-870D-52FA-6C103E10030F}.Dist|x64.Build.0 = Dist|x64
		{BDD6857C-A90D-870D-52FA-6C103E10030F}.Release|x64.ActiveCfg = Release|x64
		{BDD6857C-A90D-870D-52FA-6C103E10030F}.Release|x64.Build.0 = Release|x64
		{C0FF640D-2C14-8DBE-F595-301E616989EF}.Debug|x64.ActiveCfg = Debug|x64
		{C0FF640D-2C14-8DBE-F595-301E616989EF}.Debug|x64.Build.0 = Debug|x64
		{C0FF640D-2C14-8DBE-F595-301E616989EF}.Dist|x64.ActiveCfg = Dist|x64
		{C0FF640D-2C14-8DBE-F595-301E616989EF}.Dist|x64.Build.0 = Dist|x64
		{C0FF640D-2C14-8DBE-F595-301E616989EF}.Release|x64.ActiveCfg = Release|x64
		{C0FF640D-2C14-8DBE-F595-301E616989EF}.Release|x64.Build.0 = Release|x64
		{86BBB515-F29A-34B1-FBB2-BF8767119B12}.Debug|x64.ActiveCfg = Debug|x64
		{86BBB515-F29A-34B1-FBB2-BF8767119B12}.Debug|x64.Build.0 = Debug|x64
		{86BBB515-F29A-34B1-FBB2-BF8767119B12}.Dist|x64.ActiveCfg = Dist|x64
		{86BBB515-F29A-34B1-FBB2-BF8767119B12}.Dist|x64.Build.0 = Dist|x64
		{86BBB515-F29A-34B1-FBB2-BF8767119B12}.Release|x64.ActiveCfg = Release|x64
		{86BBB515-F29A-34B1-FBB2-BF8767119B12}.Release|x64.Build.0 = Release|x64
	EndGlobalSection
	GlobalSection(SolutionProperties) = preSolution
		HideSolutionNode = FALSE
	EndGlobalSection
	GlobalSection(NestedProjects) = preSolution
		{BDD6857C-A90D-870D-52FA-6C103E10030F} = {53E47842-3FC8-3998-A828-34EB942B241A}
		{C0FF640D-2C14-8DBE-F595-301E616989EF} = {53E47842-3FC8-3998-A828-34EB942B241A}
	EndGlobalSection
EndGlobal
